
Microsoft Visual Studio Solution File, Format Version 12.00
Project("{2150E333-8FDC-42A3-9474-1A3956D46DE8}") = "postgreSQL", "postgreSQL", "{7130D2A7-643D-4B8E-8D30-134091AE76FC}"
	ProjectSection(SolutionItems) = preProject
		postgreSQL\docker-compose.yml = postgreSQL\docker-compose.yml
	EndProjectSection
EndProject
Project("{2150E333-8FDC-42A3-9474-1A3956D46DE8}") = "src", "src", "{527D910D-90AB-4EAB-B79E-882CEAC87CC3}"
EndProject
Project("{FAE04EC0-301F-11D3-BF4B-00C04F79EFBC}") = "FavoriteLiterature.Api", "src\FavoriteLiterature.Api\FavoriteLiterature.Api.csproj", "{351A97E7-A521-4C07-86BF-D87785305590}"
EndProject
Project("{FAE04EC0-301F-11D3-BF4B-00C04F79EFBC}") = "FavoriteLiterature.Client", "src\FavoriteLiterature.Client\FavoriteLiterature.Client.csproj", "{29C3BB6B-8974-4DED-AFFB-A617827FA626}"
EndProject
Global
	GlobalSection(SolutionConfigurationPlatforms) = preSolution
		Debug|Any CPU = Debug|Any CPU
		Release|Any CPU = Release|Any CPU
	EndGlobalSection
	GlobalSection(ProjectConfigurationPlatforms) = postSolution
		{351A97E7-A521-4C07-86BF-D87785305590}.Debug|Any CPU.ActiveCfg = Debug|Any CPU
		{351A97E7-A521-4C07-86BF-D87785305590}.Debug|Any CPU.Build.0 = Debug|Any CPU
		{351A97E7-A521-4C07-86BF-D87785305590}.Release|Any CPU.ActiveCfg = Release|Any CPU
		{351A97E7-A521-4C07-86BF-D87785305590}.Release|Any CPU.Build.0 = Release|Any CPU
		{29C3BB6B-8974-4DED-AFFB-A617827FA626}.Debug|Any CPU.ActiveCfg = Debug|Any CPU
		{29C3BB6B-8974-4DED-AFFB-A617827FA626}.Debug|Any CPU.Build.0 = Debug|Any CPU
		{29C3BB6B-8974-4DED-AFFB-A617827FA626}.Release|Any CPU.ActiveCfg = Release|Any CPU
		{29C3BB6B-8974-4DED-AFFB-A617827FA626}.Release|Any CPU.Build.0 = Release|Any CPU
	EndGlobalSection
	GlobalSection(NestedProjects) = preSolution
		{351A97E7-A521-4C07-86BF-D87785305590} = {527D910D-90AB-4EAB-B79E-882CEAC87CC3}
		{29C3BB6B-8974-4DED-AFFB-A617827FA626} = {527D910D-90AB-4EAB-B79E-882CEAC87CC3}
	EndGlobalSection
EndGlobal
